
Microsoft Visual Studio Solution File, Format Version 12.00
# Visual Studio Version 16
VisualStudioVersion = 16.0.30517.126
MinimumVisualStudioVersion = 10.0.40219.1
Project("{FAE04EC0-301F-11D3-BF4B-00C04F79EFBC}") = "FoodApp.Android", "FoodApp.Android\FoodApp.Android.csproj", "{2AE88DEF-9CDC-4E9D-B1D6-4BB2A69EAA83}"
EndProject
Project("{FAE04EC0-301F-11D3-BF4B-00C04F79EFBC}") = "FoodApp.iOS", "FoodApp.iOS\FoodApp.iOS.csproj", "{F4F40651-CE3B-4E00-A12F-DF32EBE1288A}"
EndProject
Project("{FAE04EC0-301F-11D3-BF4B-00C04F79EFBC}") = "FoodApp", "FoodApp\FoodApp.csproj", "{B49909BA-5C57-4DE7-9546-7949FB46C29A}"
EndProject
Global
	GlobalSection(SolutionConfigurationPlatforms) = preSolution
		Debug|Any CPU = Debug|Any CPU
		Debug|iPhone = Debug|iPhone
		Debug|iPhoneSimulator = Debug|iPhoneSimulator
		Release|Any CPU = Release|Any CPU
		Release|iPhone = Release|iPhone
		Release|iPhoneSimulator = Release|iPhoneSimulator
	EndGlobalSection
	GlobalSection(ProjectConfigurationPlatforms) = postSolution
		{2AE88DEF-9CDC-4E9D-B1D6-4BB2A69EAA83}.Debug|Any CPU.ActiveCfg = Debug|Any CPU
		{2AE88DEF-9CDC-4E9D-B1D6-4BB2A69EAA83}.Debug|Any CPU.Build.0 = Debug|Any CPU
		{2AE88DEF-9CDC-4E9D-B1D6-4BB2A69EAA83}.Debug|Any CPU.Deploy.0 = Debug|Any CPU
		{2AE88DEF-9CDC-4E9D-B1D6-4BB2A69EAA83}.Debug|iPhone.ActiveCfg = Debug|Any CPU
		{2AE88DEF-9CDC-4E9D-B1D6-4BB2A69EAA83}.Debug|iPhone.Build.0 = Debug|Any CPU
		{2AE88DEF-9CDC-4E9D-B1D6-4BB2A69EAA83}.Debug|iPhone.Deploy.0 = Debug|Any CPU
		{2AE88DEF-9CDC-4E9D-B1D6-4BB2A69EAA83}.Debug|iPhoneSimulator.ActiveCfg = Debug|Any CPU
		{2AE88DEF-9CDC-4E9D-B1D6-4BB2A69EAA83}.Debug|iPhoneSimulator.Build.0 = Debug|Any CPU
		{2AE88DEF-9CDC-4E9D-B1D6-4BB2A69EAA83}.Debug|iPhoneSimulator.Deploy.0 = Debug|Any CPU
		{2AE88DEF-9CDC-4E9D-B1D6-4BB2A69EAA83}.Release|Any CPU.ActiveCfg = Release|Any CPU
		{2AE88DEF-9CDC-4E9D-B1D6-4BB2A69EAA83}.Release|Any CPU.Build.0 = Release|Any CPU
		{2AE88DEF-9CDC-4E9D-B1D6-4BB2A69EAA83}.Release|Any CPU.Deploy.0 = Release|Any CPU
		{2AE88DEF-9CDC-4E9D-B1D6-4BB2A69EAA83}.Release|iPhone.ActiveCfg = Release|Any CPU
		{2AE88DEF-9CDC-4E9D-B1D6-4BB2A69EAA83}.Release|iPhone.Build.0 = Release|Any CPU
		{2AE88DEF-9CDC-4E9D-B1D6-4BB2A69EAA83}.Release|iPhone.Deploy.0 = Release|Any CPU
		{2AE88DEF-9CDC-4E9D-B1D6-4BB2A69EAA83}.Release|iPhoneSimulator.ActiveCfg = Release|Any CPU
		{2AE88DEF-9CDC-4E9D-B1D6-4BB2A69EAA83}.Release|iPhoneSimulator.Build.0 = Release|Any CPU
		{2AE88DEF-9CDC-4E9D-B1D6-4BB2A69EAA83}.Release|iPhoneSimulator.Deploy.0 = Release|Any CPU
		{F4F40651-CE3B-4E00-A12F-DF32EBE1288A}.Debug|Any CPU.ActiveCfg = Debug|iPhone
		{F4F40651-CE3B-4E00-A12F-DF32EBE1288A}.Debug|Any CPU.Build.0 = Debug|iPhone
		{F4F40651-CE3B-4E00-A12F-DF32EBE1288A}.Debug|Any CPU.Deploy.0 = Debug|iPhone
		{F4F40651-CE3B-4E00-A12F-DF32EBE1288A}.Debug|iPhone.ActiveCfg = Debug|iPhone
		{F4F40651-CE3B-4E00-A12F-DF32EBE1288A}.Debug|iPhone.Build.0 = Debug|iPhone
		{F4F40651-CE3B-4E00-A12F-DF32EBE1288A}.Debug|iPhone.Deploy.0 = Debug|iPhone
		{F4F40651-CE3B-4E00-A12F-DF32EBE1288A}.Debug|iPhoneSimulator.ActiveCfg = Debug|iPhoneSimulator
		{F4F40651-CE3B-4E00-A12F-DF32EBE1288A}.Debug|iPhoneSimulator.Build.0 = Debug|iPhoneSimulator
		{F4F40651-CE3B-4E00-A12F-DF32EBE1288A}.Debug|iPhoneSimulator.Deploy.0 = Debug|iPhoneSimulator
		{F4F40651-CE3B-4E00-A12F-DF32EBE1288A}.Release|Any CPU.ActiveCfg = Release|iPhoneSimulator
		{F4F40651-CE3B-4E00-A12F-DF32EBE1288A}.Release|Any CPU.Build.0 = Release|iPhoneSimulator
		{F4F40651-CE3B-4E00-A12F-DF32EBE1288A}.Release|Any CPU.Deploy.0 = Release|iPhoneSimulator
		{F4F40651-CE3B-4E00-A12F-DF32EBE1288A}.Release|iPhone.ActiveCfg = Release|iPhone
		{F4F40651-CE3B-4E00-A12F-DF32EBE1288A}.Release|iPhone.Build.0 = Release|iPhone
		{F4F40651-CE3B-4E00-A12F-DF32EBE1288A}.Release|iPhone.Deploy.0 = Release|iPhone
		{F4F40651-CE3B-4E00-A12F-DF32EBE1288A}.Release|iPhoneSimulator.ActiveCfg = Release|iPhoneSimulator
		{F4F40651-CE3B-4E00-A12F-DF32EBE1288A}.Release|iPhoneSimulator.Build.0 = Release|iPhoneSimulator
		{F4F40651-CE3B-4E00-A12F-DF32EBE1288A}.Release|iPhoneSimulator.Deploy.0 = Release|iPhoneSimulator
		{B49909BA-5C57-4DE7-9546-7949FB46C29A}.Debug|Any CPU.ActiveCfg = Debug|Any CPU
		{B49909BA-5C57-4DE7-9546-7949FB46C29A}.Debug|Any CPU.Build.0 = Debug|Any CPU
		{B49909BA-5C57-4DE7-9546-7949FB46C29A}.Debug|Any CPU.Deploy.0 = Debug|Any CPU
		{B49909BA-5C57-4DE7-9546-7949FB46C29A}.Debug|iPhone.ActiveCfg = Debug|Any CPU
		{B49909BA-5C57-4DE7-9546-7949FB46C29A}.Debug|iPhone.Build.0 = Debug|Any CPU
		{B49909BA-5C57-4DE7-9546-7949FB46C29A}.Debug|iPhone.Deploy.0 = Debug|Any CPU
		{B49909BA-5C57-4DE7-9546-7949FB46C29A}.Debug|iPhoneSimulator.ActiveCfg = Debug|Any CPU
		{B49909BA-5C57-4DE7-9546-7949FB46C29A}.Debug|iPhoneSimulator.Build.0 = Debug|Any CPU
		{B49909BA-5C57-4DE7-9546-7949FB46C29A}.Debug|iPhoneSimulator.Deploy.0 = Debug|Any CPU
		{B49909BA-5C57-4DE7-9546-7949FB46C29A}.Release|Any CPU.ActiveCfg = Release|Any CPU
		{B49909BA-5C57-4DE7-9546-7949FB46C29A}.Release|Any CPU.Build.0 = Release|Any CPU
		{B49909BA-5C57-4DE7-9546-7949FB46C29A}.Release|Any CPU.Deploy.0 = Release|Any CPU
		{B49909BA-5C57-4DE7-9546-7949FB46C29A}.Release|iPhone.ActiveCfg = Release|Any CPU
		{B49909BA-5C57-4DE7-9546-7949FB46C29A}.Release|iPhone.Build.0 = Release|Any CPU
		{B49909BA-5C57-4DE7-9546-7949FB46C29A}.Release|iPhone.Deploy.0 = Release|Any CPU
		{B49909BA-5C57-4DE7-9546-7949FB46C29A}.Release|iPhoneSimulator.ActiveCfg = Release|Any CPU
		{B49909BA-5C57-4DE7-9546-7949FB46C29A}.Release|iPhoneSimulator.Build.0 = Release|Any CPU
		{B49909BA-5C57-4DE7-9546-7949FB46C29A}.Release|iPhoneSimulator.Deploy.0 = Release|Any CPU
	EndGlobalSection
	GlobalSection(SolutionProperties) = preSolution
		HideSolutionNode = FALSE
	EndGlobalSection
	GlobalSection(ExtensibilityGlobals) = postSolution
		SolutionGuid = {F1ED08F5-29B9-407D-BB08-08E162C894DC}
	EndGlobalSection
EndGlobal
